
Microsoft Visual Studio Solution File, Format Version 12.00
# Visual Studio Version 17
VisualStudioVersion = 17.14.36109.1 d17.14
MinimumVisualStudioVersion = 10.0.40219.1
Project("{FAE04EC0-301F-11D3-BF4B-00C04F79EFBC}") = "MovieManagement", "MovieManagement.csproj", "{06164B82-1A58-47C4-B522-E44679EC14CF}"
EndProject
Global
	GlobalSection(SolutionConfigurationPlatforms) = preSolution
		Debug|Any CPU = Debug|Any CPU
		Release|Any CPU = Release|Any CPU
	EndGlobalSection
	GlobalSection(ProjectConfigurationPlatforms) = postSolution
		{06164B82-1A58-47C4-B522-E44679EC14CF}.Debug|Any CPU.ActiveCfg = Debug|Any CPU
		{06164B82-1A58-47C4-B522-E44679EC14CF}.Debug|Any CPU.Build.0 = Debug|Any CPU
		{06164B82-1A58-47C4-B522-E44679EC14CF}.Release|Any CPU.ActiveCfg = Release|Any CPU
		{06164B82-1A58-47C4-B522-E44679EC14CF}.Release|Any CPU.Build.0 = Release|Any CPU
	EndGlobalSection
	GlobalSection(SolutionProperties) = preSolution
		HideSolutionNode = FALSE
	EndGlobalSection
	GlobalSection(ExtensibilityGlobals) = postSolution
		SolutionGuid = {08BB671B-B4AF-41B4-BA4D-EA6187FEA604}
	EndGlobalSection
EndGlobal
